
Microsoft Visual Studio Solution File, Format Version 12.00
# Visual Studio Version 17
VisualStudioVersion = 17.7.33913.275
MinimumVisualStudioVersion = 10.0.40219.1
Project("{FAE04EC0-301F-11D3-BF4B-00C04F79EFBC}") = "ConnectedDemo", "ConnectedDemo\ConnectedDemo.csproj", "{AFFF28B4-C87E-4903-A225-457075105690}"
EndProject
Global
	GlobalSection(SolutionConfigurationPlatforms) = preSolution
		Debug|Any CPU = Debug|Any CPU
		Release|Any CPU = Release|Any CPU
	EndGlobalSection
	GlobalSection(ProjectConfigurationPlatforms) = postSolution
		{AFFF28B4-C87E-4903-A225-457075105690}.Debug|Any CPU.ActiveCfg = Debug|Any CPU
		{AFFF28B4-C87E-4903-A225-457075105690}.Debug|Any CPU.Build.0 = Debug|Any CPU
		{AFFF28B4-C87E-4903-A225-457075105690}.Release|Any CPU.ActiveCfg = Release|Any CPU
		{AFFF28B4-C87E-4903-A225-457075105690}.Release|Any CPU.Build.0 = Release|Any CPU
	EndGlobalSection
	GlobalSection(SolutionProperties) = preSolution
		HideSolutionNode = FALSE
	EndGlobalSection
	GlobalSection(ExtensibilityGlobals) = postSolution
		SolutionGuid = {006D3F8A-5626-4308-8F47-AC7E889AE2E9}
	EndGlobalSection
EndGlobal
